
Microsoft Visual Studio Solution File, Format Version 12.00
# Visual Studio Version 17
VisualStudioVersion = 17.14.36915.13 d17.14
MinimumVisualStudioVersion = 10.0.40219.1
Project("{FAE04EC0-301F-11D3-BF4B-00C04F79EFBC}") = "UchebnayPracticaTestirovanie", "UchebnayPracticaTestirovanie\UchebnayPracticaTestirovanie.csproj", "{125FC396-334D-4B0D-A190-1AE3CA19C2F5}"
EndProject
Global
	GlobalSection(SolutionConfigurationPlatforms) = preSolution
		Debug|Any CPU = Debug|Any CPU
		Release|Any CPU = Release|Any CPU
	EndGlobalSection
	GlobalSection(ProjectConfigurationPlatforms) = postSolution
		{125FC396-334D-4B0D-A190-1AE3CA19C2F5}.Debug|Any CPU.ActiveCfg = Debug|Any CPU
		{125FC396-334D-4B0D-A190-1AE3CA19C2F5}.Debug|Any CPU.Build.0 = Debug|Any CPU
		{125FC396-334D-4B0D-A190-1AE3CA19C2F5}.Release|Any CPU.ActiveCfg = Release|Any CPU
		{125FC396-334D-4B0D-A190-1AE3CA19C2F5}.Release|Any CPU.Build.0 = Release|Any CPU
	EndGlobalSection
	GlobalSection(SolutionProperties) = preSolution
		HideSolutionNode = FALSE
	EndGlobalSection
	GlobalSection(ExtensibilityGlobals) = postSolution
		SolutionGuid = {8D943626-A253-4E16-865F-7765CEE7EB31}
	EndGlobalSection
EndGlobal
